
Microsoft Visual Studio Solution File, Format Version 12.00
# Visual Studio Version 17
VisualStudioVersion = 17.13.35931.197 d17.13
MinimumVisualStudioVersion = 10.0.40219.1
Project("{FAE04EC0-301F-11D3-BF4B-00C04F79EFBC}") = "BaseMod.Core", "BaseMod.Core\BaseMod.Core.csproj", "{91F0566E-BEAE-6F25-2B86-1F43E72FC92D}"
EndProject
Project("{FAE04EC0-301F-11D3-BF4B-00C04F79EFBC}") = "Solas.GameplayMod", "Solas.GameplayMod\Solas.GameplayMod.csproj", "{F4BB061D-35D3-4F0F-AB57-BFF27A0E3649}"
EndProject
Global
	GlobalSection(SolutionConfigurationPlatforms) = preSolution
		Debug|Any CPU = Debug|Any CPU
		Debug|x64 = Debug|x64
		Release|Any CPU = Release|Any CPU
		Release|x64 = Release|x64
	EndGlobalSection
	GlobalSection(ProjectConfigurationPlatforms) = postSolution
		{91F0566E-BEAE-6F25-2B86-1F43E72FC92D}.Debug|Any CPU.ActiveCfg = Debug|Any CPU
		{91F0566E-BEAE-6F25-2B86-1F43E72FC92D}.Debug|Any CPU.Build.0 = Debug|Any CPU
		{91F0566E-BEAE-6F25-2B86-1F43E72FC92D}.Debug|x64.ActiveCfg = Debug|x64
		{91F0566E-BEAE-6F25-2B86-1F43E72FC92D}.Debug|x64.Build.0 = Debug|x64
		{91F0566E-BEAE-6F25-2B86-1F43E72FC92D}.Release|Any CPU.ActiveCfg = Release|Any CPU
		{91F0566E-BEAE-6F25-2B86-1F43E72FC92D}.Release|Any CPU.Build.0 = Release|Any CPU
		{91F0566E-BEAE-6F25-2B86-1F43E72FC92D}.Release|x64.ActiveCfg = Release|x64
		{91F0566E-BEAE-6F25-2B86-1F43E72FC92D}.Release|x64.Build.0 = Release|x64
		{F4BB061D-35D3-4F0F-AB57-BFF27A0E3649}.Debug|Any CPU.ActiveCfg = Debug|Any CPU
		{F4BB061D-35D3-4F0F-AB57-BFF27A0E3649}.Debug|Any CPU.Build.0 = Debug|Any CPU
		{F4BB061D-35D3-4F0F-AB57-BFF27A0E3649}.Debug|x64.ActiveCfg = Debug|x64
		{F4BB061D-35D3-4F0F-AB57-BFF27A0E3649}.Debug|x64.Build.0 = Debug|x64
		{F4BB061D-35D3-4F0F-AB57-BFF27A0E3649}.Release|Any CPU.ActiveCfg = Release|Any CPU
		{F4BB061D-35D3-4F0F-AB57-BFF27A0E3649}.Release|Any CPU.Build.0 = Release|Any CPU
		{F4BB061D-35D3-4F0F-AB57-BFF27A0E3649}.Release|x64.ActiveCfg = Release|x64
		{F4BB061D-35D3-4F0F-AB57-BFF27A0E3649}.Release|x64.Build.0 = Release|x64
	EndGlobalSection
	GlobalSection(SolutionProperties) = preSolution
		HideSolutionNode = FALSE
	EndGlobalSection
	GlobalSection(ExtensibilityGlobals) = postSolution
		SolutionGuid = {1CCF69FC-34C1-41BC-8C4D-ADC747010727}
	EndGlobalSection
EndGlobal
